Microsoft Visual Studio Solution File, Format Version 12.00
# Visual Studio Version 17
VisualStudioVersion = 17.5.2.0
MinimumVisualStudioVersion = 10.0.40219.1
Project("{FAE04EC0-301F-11D3-BF4B-00C04F79EFBC}") = "VendingMachineApp", "VendingMachineApp.csproj", "{580CE296-8736-70B3-20CB-11B7C5FD3AD9}"
EndProject
Global
	GlobalSection(SolutionConfigurationPlatforms) = preSolution
		Debug|Any CPU = Debug|Any CPU
		Release|Any CPU = Release|Any CPU
	EndGlobalSection
	GlobalSection(ProjectConfigurationPlatforms) = postSolution
		{580CE296-8736-70B3-20CB-11B7C5FD3AD9}.Debug|Any CPU.ActiveCfg = Debug|Any CPU
		{580CE296-8736-70B3-20CB-11B7C5FD3AD9}.Debug|Any CPU.Build.0 = Debug|Any CPU
		{580CE296-8736-70B3-20CB-11B7C5FD3AD9}.Release|Any CPU.ActiveCfg = Release|Any CPU
		{580CE296-8736-70B3-20CB-11B7C5FD3AD9}.Release|Any CPU.Build.0 = Release|Any CPU
	EndGlobalSection
	GlobalSection(SolutionProperties) = preSolution
		HideSolutionNode = FALSE
	EndGlobalSection
	GlobalSection(ExtensibilityGlobals) = postSolution
		SolutionGuid = {7A302EE7-A9CC-443B-A04A-81EDCC989AC9}
	EndGlobalSection
EndGlobal
